
Microsoft Visual Studio Solution File, Format Version 12.00
# Visual Studio Version 17
VisualStudioVersion = 17.3.32929.385
MinimumVisualStudioVersion = 10.0.40219.1
Project("{FAE04EC0-301F-11D3-BF4B-00C04F79EFBC}") = "Xadrez-Console", "Xadrez-Console\Xadrez-Console.csproj", "{7E475526-8879-4FD5-80A3-BEB5D85D8114}"
EndProject
Global
	GlobalSection(SolutionConfigurationPlatforms) = preSolution
		Debug|Any CPU = Debug|Any CPU
		Release|Any CPU = Release|Any CPU
	EndGlobalSection
	GlobalSection(ProjectConfigurationPlatforms) = postSolution
		{7E475526-8879-4FD5-80A3-BEB5D85D8114}.Debug|Any CPU.ActiveCfg = Debug|Any CPU
		{7E475526-8879-4FD5-80A3-BEB5D85D8114}.Debug|Any CPU.Build.0 = Debug|Any CPU
		{7E475526-8879-4FD5-80A3-BEB5D85D8114}.Release|Any CPU.ActiveCfg = Release|Any CPU
		{7E475526-8879-4FD5-80A3-BEB5D85D8114}.Release|Any CPU.Build.0 = Release|Any CPU
	EndGlobalSection
	GlobalSection(SolutionProperties) = preSolution
		HideSolutionNode = FALSE
	EndGlobalSection
	GlobalSection(ExtensibilityGlobals) = postSolution
		SolutionGuid = {B845D03C-1EEF-4B8F-BC2D-7E1B9F9BA24F}
	EndGlobalSection
EndGlobal
